
Microsoft Visual Studio Solution File, Format Version 12.00
# Visual Studio Version 17
VisualStudioVersion = 17.8.34112.27
MinimumVisualStudioVersion = 10.0.40219.1
Project("{FAE04EC0-301F-11D3-BF4B-00C04F79EFBC}") = "hw11dz", "hw11dz.csproj", "{EEC343B5-92EA-4F2B-BC84-348D3F4581C9}"
EndProject
Global
	GlobalSection(SolutionConfigurationPlatforms) = preSolution
		Debug|Any CPU = Debug|Any CPU
		Release|Any CPU = Release|Any CPU
	EndGlobalSection
	GlobalSection(ProjectConfigurationPlatforms) = postSolution
		{EEC343B5-92EA-4F2B-BC84-348D3F4581C9}.Debug|Any CPU.ActiveCfg = Debug|Any CPU
		{EEC343B5-92EA-4F2B-BC84-348D3F4581C9}.Debug|Any CPU.Build.0 = Debug|Any CPU
		{EEC343B5-92EA-4F2B-BC84-348D3F4581C9}.Release|Any CPU.ActiveCfg = Release|Any CPU
		{EEC343B5-92EA-4F2B-BC84-348D3F4581C9}.Release|Any CPU.Build.0 = Release|Any CPU
	EndGlobalSection
	GlobalSection(SolutionProperties) = preSolution
		HideSolutionNode = FALSE
	EndGlobalSection
	GlobalSection(ExtensibilityGlobals) = postSolution
		SolutionGuid = {6D8FE912-E65E-47D1-87FF-8C1665724C3E}
	EndGlobalSection
EndGlobal
